
Microsoft Visual Studio Solution File, Format Version 12.00
# Visual Studio Version 17
VisualStudioVersion = 17.1.32328.378
MinimumVisualStudioVersion = 10.0.40219.1
Project("{FAE04EC0-301F-11D3-BF4B-00C04F79EFBC}") = "ADONetProject", "ADONetProject\ADONetProject.csproj", "{CF60E84B-BB0D-48FA-BD90-9A23AAEE8507}"
EndProject
Global
	GlobalSection(SolutionConfigurationPlatforms) = preSolution
		Debug|Any CPU = Debug|Any CPU
		Release|Any CPU = Release|Any CPU
	EndGlobalSection
	GlobalSection(ProjectConfigurationPlatforms) = postSolution
		{CF60E84B-BB0D-48FA-BD90-9A23AAEE8507}.Debug|Any CPU.ActiveCfg = Debug|Any CPU
		{CF60E84B-BB0D-48FA-BD90-9A23AAEE8507}.Debug|Any CPU.Build.0 = Debug|Any CPU
		{CF60E84B-BB0D-48FA-BD90-9A23AAEE8507}.Release|Any CPU.ActiveCfg = Release|Any CPU
		{CF60E84B-BB0D-48FA-BD90-9A23AAEE8507}.Release|Any CPU.Build.0 = Release|Any CPU
	EndGlobalSection
	GlobalSection(SolutionProperties) = preSolution
		HideSolutionNode = FALSE
	EndGlobalSection
	GlobalSection(ExtensibilityGlobals) = postSolution
		SolutionGuid = {402A8370-6B8B-46E7-8556-11B82319C1A6}
	EndGlobalSection
EndGlobal
